// !$*UTF8*$!
{
	archiveVersion = 1;
	classes = {
	};
	objectVersion = 50;
	objects = {

/* Begin PBXBuildFile section */
		FBEF24F1216B4594002A3459 /* AppDelegate.swift in Sources */ = {isa = PBXBuildFile; fileRef = FBEF24F0216B4594002A3459 /* AppDelegate.swift */; };
		FBEF24F3216B4594002A3459 /* ViewController.swift in Sources */ = {isa = PBXBuildFile; fileRef = FBEF24F2216B4594002A3459 /* ViewController.swift */; };
		FBEF24F6216B4594002A3459 /* Main.storyboard in Resources */ = {isa = PBXBuildFile; fileRef = FBEF24F4216B4594002A3459 /* Main.storyboard */; };
		FBEF24F8216B4596002A3459 /* Assets.xcassets in Resources */ = {isa = PBXBuildFile; fileRef = FBEF24F7216B4596002A3459 /* Assets.xcassets */; };
		FBEF24FB216B4596002A3459 /* LaunchScreen.storyboard in Resources */ = {isa = PBXBuildFile; fileRef = FBEF24F9216B4596002A3459 /* LaunchScreen.storyboard */; };
		FBEF2506216B4596002A3459 /* HelloWorldTests.swift in Sources */ = {isa = PBXBuildFile; fileRef = FBEF2505216B4596002A3459 /* HelloWorldTests.swift */; };
		FBEF2511216B4596002A3459 /* HelloWorldUITests.swift in Sources */ = {isa = PBXBuildFile; fileRef = FBEF2510216B4596002A3459 /* HelloWorldUITests.swift */; };
		FBEF2524216B47DD002A3459 /* Interface.storyboard in Resources */ = {isa = PBXBuildFile; fileRef = FBEF2522216B47DD002A3459 /* Interface.storyboard */; };
		FBEF2526216B47DE002A3459 /* Assets.xcassets in Resources */ = {isa = PBXBuildFile; fileRef = FBEF2525216B47DE002A3459 /* Assets.xcassets */; };
		FBEF252D216B47DE002A3459 /* HelloWrold Extension.appex in Embed App Extensions */ = {isa = PBXBuildFile; fileRef = FBEF252C216B47DE002A3459 /* HelloWrold Extension.appex */; settings = {ATTRIBUTES = (RemoveHeadersOnCopy, ); }; };
		FBEF2532216B47DE002A3459 /* InterfaceController.swift in Sources */ = {isa = PBXBuildFile; fileRef = FBEF2531216B47DE002A3459 /* InterfaceController.swift */; };
		FBEF2534216B47DE002A3459 /* ExtensionDelegate.swift in Sources */ = {isa = PBXBuildFile; fileRef = FBEF2533216B47DE002A3459 /* ExtensionDelegate.swift */; };
		FBEF2536216B47DE002A3459 /* NotificationController.swift in Sources */ = {isa = PBXBuildFile; fileRef = FBEF2535216B47DE002A3459 /* NotificationController.swift */; };
		FBEF2538216B47DF002A3459 /* Assets.xcassets in Resources */ = {isa = PBXBuildFile; fileRef = FBEF2537216B47DF002A3459 /* Assets.xcassets */; };
		FBEF253D216B47DF002A3459 /* HelloWrold.app in Embed Watch Content */ = {isa = PBXBuildFile; fileRef = FBEF2520216B47DC002A3459 /* HelloWrold.app */; };
/* End PBXBuildFile section */

/* Begin PBXContainerItemProxy section */
		FBEF2502216B4596002A3459 /* PBXContainerItemProxy */ = {
			isa = PBXContainerItemProxy;
			containerPortal = FBEF24E5216B4594002A3459 /* Project object */;
			proxyType = 1;
			remoteGlobalIDString = FBEF24EC216B4594002A3459;
			remoteInfo = HelloWorld;
		};
		FBEF250D216B4596002A3459 /* PBXContainerItemProxy */ = {
			isa = PBXContainerItemProxy;
			containerPortal = FBEF24E5216B4594002A3459 /* Project object */;
			proxyType = 1;
			remoteGlobalIDString = FBEF24EC216B4594002A3459;
			remoteInfo = HelloWorld;
		};
		FBEF252E216B47DE002A3459 /* PBXContainerItemProxy */ = {
			isa = PBXContainerItemProxy;
			containerPortal = FBEF24E5216B4594002A3459 /* Project object */;
			proxyType = 1;
			remoteGlobalIDString = FBEF252B216B47DE002A3459;
			remoteInfo = "HelloWrold Extension";
		};
		FBEF253B216B47DF002A3459 /* PBXContainerItemProxy */ = {
			isa = PBXContainerItemProxy;
			containerPortal = FBEF24E5216B4594002A3459 /* Project object */;
			proxyType = 1;
			remoteGlobalIDString = FBEF251F216B47DC002A3459;
			remoteInfo = HelloWrold;
		};
/* End PBXContainerItemProxy section */

/* Begin PBXCopyFilesBuildPhase section */
		FBEF2541216B47DF002A3459 /* Embed App Extensions */ = {
			isa = PBXCopyFilesBuildPhase;
			buildActionMask = 2147483647;
			dstPath = "";
			dstSubfolderSpec = 13;
			files = (
				FBEF252D216B47DE002A3459 /* HelloWrold Extension.appex in Embed App Extensions */,
			);
			name = "Embed App Extensions";
			runOnlyForDeploymentPostprocessing = 0;
		};
		FBEF2545216B47DF002A3459 /* Embed Watch Content */ = {
			isa = PBXCopyFilesBuildPhase;
			buildActionMask = 2147483647;
			dstPath = "$(CONTENTS_FOLDER_PATH)/Watch";
			dstSubfolderSpec = 16;
			files = (
				FBEF253D216B47DF002A3459 /* HelloWrold.app in Embed Watch Content */,
			);
			name = "Embed Watch Content";
			runOnlyForDeploymentPostprocessing = 0;
		};
/* End PBXCopyFilesBuildPhase section */

/* Begin PBXFileReference section */
		FBEF24ED216B4594002A3459 /* HelloWorld.app */ = {isa = PBXFileReference; explicitFileType = wrapper.application; includeInIndex = 0; path = HelloWorld.app; sourceTree = BUILT_PRODUCTS_DIR; };
		FBEF24F0216B4594002A3459 /* AppDelegate.swift */ = {isa = PBXFileReference; lastKnownFileType = sourcecode.swift; path = AppDelegate.swift; sourceTree = "<group>"; };
		FBEF24F2216B4594002A3459 /* ViewController.swift */ = {isa = PBXFileReference; lastKnownFileType = sourcecode.swift; path = ViewController.swift; sourceTree = "<group>"; };
		FBEF24F5216B4594002A3459 /* Base */ = {isa = PBXFileReference; lastKnownFileType = file.storyboard; name = Base; path = Base.lproj/Main.storyboard; sourceTree = "<group>"; };
		FBEF24F7216B4596002A3459 /* Assets.xcassets */ = {isa = PBXFileReference; lastKnownFileType = folder.assetcatalog; path = Assets.xcassets; sourceTree = "<group>"; };
		FBEF24FA216B4596002A3459 /* Base */ = {isa = PBXFileReference; lastKnownFileType = file.storyboard; name = Base; path = Base.lproj/LaunchScreen.storyboard; sourceTree = "<group>"; };
		FBEF24FC216B4596002A3459 /* Info.plist */ = {isa = PBXFileReference; lastKnownFileType = text.plist.xml; path = Info.plist; sourceTree = "<group>"; };
		FBEF2501216B4596002A3459 /* HelloWorldTests.xctest */ = {isa = PBXFileReference; explicitFileType = wrapper.cfbundle; includeInIndex = 0; path = HelloWorldTests.xctest; sourceTree = BUILT_PRODUCTS_DIR; };
		FBEF2505216B4596002A3459 /* HelloWorldTests.swift */ = {isa = PBXFileReference; lastKnownFileType = sourcecode.swift; path = HelloWorldTests.swift; sourceTree = "<group>"; };
		FBEF2507216B4596002A3459 /* Info.plist */ = {isa = PBXFileReference; lastKnownFileType = text.plist.xml; path = Info.plist; sourceTree = "<group>"; };
		FBEF250C216B4596002A3459 /* HelloWorldUITests.xctest */ = {isa = PBXFileReference; explicitFileType = wrapper.cfbundle; includeInIndex = 0; path = HelloWorldUITests.xctest; sourceTree = BUILT_PRODUCTS_DIR; };
		FBEF2510216B4596002A3459 /* HelloWorldUITests.swift */ = {isa = PBXFileReference; lastKnownFileType = sourcecode.swift; path = HelloWorldUITests.swift; sourceTree = "<group>"; };
		FBEF2512216B4596002A3459 /* Info.plist */ = {isa = PBXFileReference; lastKnownFileType = text.plist.xml; path = Info.plist; sourceTree = "<group>"; };
		FBEF2520216B47DC002A3459 /* HelloWrold.app */ = {isa = PBXFileReference; explicitFileType = wrapper.application; includeInIndex = 0; path = HelloWrold.app; sourceTree = BUILT_PRODUCTS_DIR; };
		FBEF2523216B47DD002A3459 /* Base */ = {isa = PBXFileReference; lastKnownFileType = file.storyboard; name = Base; path = Base.lproj/Interface.storyboard; sourceTree = "<group>"; };
		FBEF2525216B47DE002A3459 /* Assets.xcassets */ = {isa = PBXFileReference; lastKnownFileType = folder.assetcatalog; path = Assets.xcassets; sourceTree = "<group>"; };
		FBEF2527216B47DE002A3459 /* Info.plist */ = {isa = PBXFileReference; lastKnownFileType = text.plist.xml; path = Info.plist; sourceTree = "<group>"; };
		FBEF252C216B47DE002A3459 /* HelloWrold Extension.appex */ = {isa = PBXFileReference; explicitFileType = "wrapper.app-extension"; includeInIndex = 0; path = "HelloWrold Extension.appex"; sourceTree = BUILT_PRODUCTS_DIR; };
		FBEF2531216B47DE002A3459 /* InterfaceController.swift */ = {isa = PBXFileReference; lastKnownFileType = sourcecode.swift; path = InterfaceController.swift; sourceTree = "<group>"; };
		FBEF2533216B47DE002A3459 /* ExtensionDelegate.swift */ = {isa = PBXFileReference; lastKnownFileType = sourcecode.swift; path = ExtensionDelegate.swift; sourceTree = "<group>"; };
		FBEF2535216B47DE002A3459 /* NotificationController.swift */ = {isa = PBXFileReference; lastKnownFileType = sourcecode.swift; path = NotificationController.swift; sourceTree = "<group>"; };
		FBEF2537216B47DF002A3459 /* Assets.xcassets */ = {isa = PBXFileReference; lastKnownFileType = folder.assetcatalog; path = Assets.xcassets; sourceTree = "<group>"; };
		FBEF2539216B47DF002A3459 /* Info.plist */ = {isa = PBXFileReference; lastKnownFileType = text.plist.xml; path = Info.plist; sourceTree = "<group>"; };
		FBEF253A216B47DF002A3459 /* PushNotificationPayload.apns */ = {isa = PBXFileReference; lastKnownFileType = text; path = PushNotificationPayload.apns; sourceTree = "<group>"; };
/* End PBXFileReference section */

/* Begin PBXFrameworksBuildPhase section */
		FBEF24EA216B4594002A3459 /* Frameworks */ = {
			isa = PBXFrameworksBuildPhase;
			buildActionMask = 2147483647;
			files = (
			);
			runOnlyForDeploymentPostprocessing = 0;
		};
		FBEF24FE216B4596002A3459 /* Frameworks */ = {
			isa = PBXFrameworksBuildPhase;
			buildActionMask = 2147483647;
			files = (
			);
			runOnlyForDeploymentPostprocessing = 0;
		};
		FBEF2509216B4596002A3459 /* Frameworks */ = {
			isa = PBXFrameworksBuildPhase;
			buildActionMask = 2147483647;
			files = (
			);
			runOnlyForDeploymentPostprocessing = 0;
		};
		FBEF2529216B47DE002A3459 /* Frameworks */ = {
			isa = PBXFrameworksBuildPhase;
			buildActionMask = 2147483647;
			files = (
			);
			runOnlyForDeploymentPostprocessing = 0;
		};
/* End PBXFrameworksBuildPhase section */

/* Begin PBXGroup section */
		FBEF24E4216B4594002A3459 = {
			isa = PBXGroup;
			children = (
				FBEF24EF216B4594002A3459 /* HelloWorld */,
				FBEF2504216B4596002A3459 /* HelloWorldTests */,
				FBEF250F216B4596002A3459 /* HelloWorldUITests */,
				FBEF2521216B47DD002A3459 /* HelloWrold */,
				FBEF2530216B47DE002A3459 /* HelloWrold Extension */,
				FBEF24EE216B4594002A3459 /* Products */,
			);
			sourceTree = "<group>";
		};
		FBEF24EE216B4594002A3459 /* Products */ = {
			isa = PBXGroup;
			children = (
				FBEF24ED216B4594002A3459 /* HelloWorld.app */,
				FBEF2501216B4596002A3459 /* HelloWorldTests.xctest */,
				FBEF250C216B4596002A3459 /* HelloWorldUITests.xctest */,
				FBEF2520216B47DC002A3459 /* HelloWrold.app */,
				FBEF252C216B47DE002A3459 /* HelloWrold Extension.appex */,
			);
			name = Products;
			sourceTree = "<group>";
		};
		FBEF24EF216B4594002A3459 /* HelloWorld */ = {
			isa = PBXGroup;
			children = (
				FBEF24F0216B4594002A3459 /* AppDelegate.swift */,
				FBEF24F2216B4594002A3459 /* ViewController.swift */,
				FBEF24F4216B4594002A3459 /* Main.storyboard */,
				FBEF24F7216B4596002A3459 /* Assets.xcassets */,
				FBEF24F9216B4596002A3459 /* LaunchScreen.storyboard */,
				FBEF24FC216B4596002A3459 /* Info.plist */,
			);
			path = HelloWorld;
			sourceTree = "<group>";
		};
		FBEF2504216B4596002A3459 /* HelloWorldTests */ = {
			isa = PBXGroup;
			children = (
				FBEF2505216B4596002A3459 /* HelloWorldTests.swift */,
				FBEF2507216B4596002A3459 /* Info.plist */,
			);
			path = HelloWorldTests;
			sourceTree = "<group>";
		};
		FBEF250F216B4596002A3459 /* HelloWorldUITests */ = {
			isa = PBXGroup;
			children = (
				FBEF2510216B4596002A3459 /* HelloWorldUITests.swift */,
				FBEF2512216B4596002A3459 /* Info.plist */,
			);
			path = HelloWorldUITests;
			sourceTree = "<group>";
		};
		FBEF2521216B47DD002A3459 /* HelloWrold */ = {
			isa = PBXGroup;
			children = (
				FBEF2522216B47DD002A3459 /* Interface.storyboard */,
				FBEF2525216B47DE002A3459 /* Assets.xcassets */,
				FBEF2527216B47DE002A3459 /* Info.plist */,
			);
			path = HelloWrold;
			sourceTree = "<group>";
		};
		FBEF2530216B47DE002A3459 /* HelloWrold Extension */ = {
			isa = PBXGroup;
			children = (
				FBEF2531216B47DE002A3459 /* InterfaceController.swift */,
				FBEF2533216B47DE002A3459 /* ExtensionDelegate.swift */,
				FBEF2535216B47DE002A3459 /* NotificationController.swift */,
				FBEF2537216B47DF002A3459 /* Assets.xcassets */,
				FBEF2539216B47DF002A3459 /* Info.plist */,
				FBEF253A216B47DF002A3459 /* PushNotificationPayload.apns */,
			);
			path = "HelloWrold Extension";
			sourceTree = "<group>";
		};
/* End PBXGroup section */

/* Begin PBXNativeTarget section */
		FBEF24EC216B4594002A3459 /* HelloWorld */ = {
			isa = PBXNativeTarget;
			buildConfigurationList = FBEF2515216B4596002A3459 /* Build configuration list for PBXNativeTarget "HelloWorld" */;
			buildPhases = (
				FBEF24E9216B4594002A3459 /* Sources */,
				FBEF24EA216B4594002A3459 /* Frameworks */,
				FBEF24EB216B4594002A3459 /* Resources */,
				FBEF2545216B47DF002A3459 /* Embed Watch Content */,
			);
			buildRules = (
			);
			dependencies = (
				FBEF253C216B47DF002A3459 /* PBXTargetDependency */,
			);
			name = HelloWorld;
			productName = HelloWorld;
			productReference = FBEF24ED216B4594002A3459 /* HelloWorld.app */;
			productType = "com.apple.product-type.application";
		};
		FBEF2500216B4596002A3459 /* HelloWorldTests */ = {
			isa = PBXNativeTarget;
			buildConfigurationList = FBEF2518216B4596002A3459 /* Build configuration list for PBXNativeTarget "HelloWorldTests" */;
			buildPhases = (
				FBEF24FD216B4596002A3459 /* Sources */,
				FBEF24FE216B4596002A3459 /* Frameworks */,
				FBEF24FF216B4596002A3459 /* Resources */,
			);
			buildRules = (
			);
			dependencies = (
				FBEF2503216B4596002A3459 /* PBXTargetDependency */,
			);
			name = HelloWorldTests;
			productName = HelloWorldTests;
			productReference = FBEF2501216B4596002A3459 /* HelloWorldTests.xctest */;
			productType = "com.apple.product-type.bundle.unit-test";
		};
		FBEF250B216B4596002A3459 /* HelloWorldUITests */ = {
			isa = PBXNativeTarget;
			buildConfigurationList = FBEF251B216B4596002A3459 /* Build configuration list for PBXNativeTarget "HelloWorldUITests" */;
			buildPhases = (
				FBEF2508216B4596002A3459 /* Sources */,
				FBEF2509216B4596002A3459 /* Frameworks */,
				FBEF250A216B4596002A3459 /* Resources */,
			);
			buildRules = (
			);
			dependencies = (
				FBEF250E216B4596002A3459 /* PBXTargetDependency */,
			);
			name = HelloWorldUITests;
			productName = HelloWorldUITests;
			productReference = FBEF250C216B4596002A3459 /* HelloWorldUITests.xctest */;
			productType = "com.apple.product-type.bundle.ui-testing";
		};
		FBEF251F216B47DC002A3459 /* HelloWrold */ = {
			isa = PBXNativeTarget;
			buildConfigurationList = FBEF2542216B47DF002A3459 /* Build configuration list for PBXNativeTarget "HelloWrold" */;
			buildPhases = (
				FBEF251E216B47DC002A3459 /* Resources */,
				FBEF2541216B47DF002A3459 /* Embed App Extensions */,
			);
			buildRules = (
			);
			dependencies = (
				FBEF252F216B47DE002A3459 /* PBXTargetDependency */,
			);
			name = HelloWrold;
			productName = HelloWrold;
			productReference = FBEF2520216B47DC002A3459 /* HelloWrold.app */;
			productType = "com.apple.product-type.application.watchapp2";
		};
		FBEF252B216B47DE002A3459 /* HelloWrold Extension */ = {
			isa = PBXNativeTarget;
			buildConfigurationList = FBEF253E216B47DF002A3459 /* Build configuration list for PBXNativeTarget "HelloWrold Extension" */;
			buildPhases = (
				FBEF2528216B47DE002A3459 /* Sources */,
				FBEF2529216B47DE002A3459 /* Frameworks */,
				FBEF252A216B47DE002A3459 /* Resources */,
			);
			buildRules = (
			);
			dependencies = (
			);
			name = "HelloWrold Extension";
			productName = "HelloWrold Extension";
			productReference = FBEF252C216B47DE002A3459 /* HelloWrold Extension.appex */;
			productType = "com.apple.product-type.watchkit2-extension";
		};
/* End PBXNativeTarget section */

/* Begin PBXProject section */
		FBEF24E5216B4594002A3459 /* Project object */ = {
			isa = PBXProject;
			attributes = {
				LastSwiftUpdateCheck = 1000;
				LastUpgradeCheck = 1000;
				ORGANIZATIONNAME = "tars liu";
				TargetAttributes = {
					FBEF24EC216B4594002A3459 = {
						CreatedOnToolsVersion = 10.0;
					};
					FBEF2500216B4596002A3459 = {
						CreatedOnToolsVersion = 10.0;
						TestTargetID = FBEF24EC216B4594002A3459;
					};
					FBEF250B216B4596002A3459 = {
						CreatedOnToolsVersion = 10.0;
						TestTargetID = FBEF24EC216B4594002A3459;
					};
					FBEF251F216B47DC002A3459 = {
						CreatedOnToolsVersion = 10.0;
					};
					FBEF252B216B47DE002A3459 = {
						CreatedOnToolsVersion = 10.0;
					};
				};
			};
			buildConfigurationList = FBEF24E8216B4594002A3459 /* Build configuration list for PBXProject "HelloWorld" */;
			compatibilityVersion = "Xcode 9.3";
			developmentRegion = en;
			hasScannedForEncodings = 0;
			knownRegions = (
				en,
				Base,
			);
			mainGroup = FBEF24E4216B4594002A3459;
			productRefGroup = FBEF24EE216B4594002A3459 /* Products */;
			projectDirPath = "";
			projectRoot = "";
			targets = (
				FBEF24EC216B4594002A3459 /* HelloWorld */,
				FBEF2500216B4596002A3459 /* HelloWorldTests */,
				FBEF250B216B4596002A3459 /* HelloWorldUITests */,
				FBEF251F216B47DC002A3459 /* HelloWrold */,
				FBEF252B216B47DE002A3459 /* HelloWrold Extension */,
			);
		};
/* End PBXProject section */

/* Begin PBXResourcesBuildPhase section */
		FBEF24EB216B4594002A3459 /* Resources */ = {
			isa = PBXResourcesBuildPhase;
			buildActionMask = 2147483647;
			files = (
				FBEF24FB216B4596002A3459 /* LaunchScreen.storyboard in Resources */,
				FBEF24F8216B4596002A3459 /* Assets.xcassets in Resources */,
				FBEF24F6216B4594002A3459 /* Main.storyboard in Resources */,
			);
			runOnlyForDeploymentPostprocessing = 0;
		};
		FBEF24FF216B4596002A3459 /* Resources */ = {
			isa = PBXResourcesBuildPhase;
			buildActionMask = 2147483647;
			files = (
			);
			runOnlyForDeploymentPostprocessing = 0;
		};
		FBEF250A216B4596002A3459 /* Resources */ = {
			isa = PBXResourcesBuildPhase;
			buildActionMask = 2147483647;
			files = (
			);
			runOnlyForDeploymentPostprocessing = 0;
		};
		FBEF251E216B47DC002A3459 /* Resources */ = {
			isa = PBXResourcesBuildPhase;
			buildActionMask = 2147483647;
			files = (
				FBEF2526216B47DE002A3459 /* Assets.xcassets in Resources */,
				FBEF2524216B47DD002A3459 /* Interface.storyboard in Resources */,
			);
			runOnlyForDeploymentPostprocessing = 0;
		};
		FBEF252A216B47DE002A3459 /* Resources */ = {
			isa = PBXResourcesBuildPhase;
			buildActionMask = 2147483647;
			files = (
				FBEF2538216B47DF002A3459 /* Assets.xcassets in Resources */,
			);
			runOnlyForDeploymentPostprocessing = 0;
		};
/* End PBXResourcesBuildPhase section */

/* Begin PBXSourcesBuildPhase section */
		FBEF24E9216B4594002A3459 /* Sources */ = {
			isa = PBXSourcesBuildPhase;
			buildActionMask = 2147483647;
			files = (
				FBEF24F3216B4594002A3459 /* ViewController.swift in Sources */,
				FBEF24F1216B4594002A3459 /* AppDelegate.swift in Sources */,
			);
			runOnlyForDeploymentPostprocessing = 0;
		};
		FBEF24FD216B4596002A3459 /* Sources */ = {
			isa = PBXSourcesBuildPhase;
			buildActionMask = 2147483647;
			files = (
				FBEF2506216B4596002A3459 /* HelloWorldTests.swift in Sources */,
			);
			runOnlyForDeploymentPostprocessing = 0;
		};
		FBEF2508216B4596002A3459 /* Sources */ = {
			isa = PBXSourcesBuildPhase;
			buildActionMask = 2147483647;
			files = (
				FBEF2511216B4596002A3459 /* HelloWorldUITests.swift in Sources */,
			);
			runOnlyForDeploymentPostprocessing = 0;
		};
		FBEF2528216B47DE002A3459 /* Sources */ = {
			isa = PBXSourcesBuildPhase;
			buildActionMask = 2147483647;
			files = (
				FBEF2536216B47DE002A3459 /* NotificationController.swift in Sources */,
				FBEF2534216B47DE002A3459 /* ExtensionDelegate.swift in Sources */,
				FBEF2532216B47DE002A3459 /* InterfaceController.swift in Sources */,
			);
			runOnlyForDeploymentPostprocessing = 0;
		};
/* End PBXSourcesBuildPhase section */

/* Begin PBXTargetDependency section */
		FBEF2503216B4596002A3459 /* PBXTargetDependency */ = {
			isa = PBXTargetDependency;
			target = FBEF24EC216B4594002A3459 /* HelloWorld */;
			targetProxy = FBEF2502216B4596002A3459 /* PBXContainerItemProxy */;
		};
		FBEF250E216B4596002A3459 /* PBXTargetDependency */ = {
			isa = PBXTargetDependency;
			target = FBEF24EC216B4594002A3459 /* HelloWorld */;
			targetProxy = FBEF250D216B4596002A3459 /* PBXContainerItemProxy */;
		};
		FBEF252F216B47DE002A3459 /* PBXTargetDependency */ = {
			isa = PBXTargetDependency;
			target = FBEF252B216B47DE002A3459 /* HelloWrold Extension */;
			targetProxy = FBEF252E216B47DE002A3459 /* PBXContainerItemProxy */;
		};
		FBEF253C216B47DF002A3459 /* PBXTargetDependency */ = {
			isa = PBXTargetDependency;
			target = FBEF251F216B47DC002A3459 /* HelloWrold */;
			targetProxy = FBEF253B216B47DF002A3459 /* PBXContainerItemProxy */;
		};
/* End PBXTargetDependency section */

/* Begin PBXVariantGroup section */
		FBEF24F4216B4594002A3459 /* Main.storyboard */ = {
			isa = PBXVariantGroup;
			children = (
				FBEF24F5216B4594002A3459 /* Base */,
			);
			name = Main.storyboard;
			sourceTree = "<group>";
		};
		FBEF24F9216B4596002A3459 /* LaunchScreen.storyboard */ = {
			isa = PBXVariantGroup;
			children = (
				FBEF24FA216B4596002A3459 /* Base */,
			);
			name = LaunchScreen.storyboard;
			sourceTree = "<group>";
		};
		FBEF2522216B47DD002A3459 /* Interface.storyboard */ = {
			isa = PBXVariantGroup;
			children = (
				FBEF2523216B47DD002A3459 /* Base */,
			);
			name = Interface.storyboard;
			sourceTree = "<group>";
		};
/* End PBXVariantGroup section */

/* Begin XCBuildConfiguration section */
		FBEF2513216B4596002A3459 /* Debug */ = {
			isa = XCBuildConfiguration;
			buildSettings = {
				ALWAYS_SEARCH_USER_PATHS = NO;
				CLANG_ANALYZER_NONNULL = YES;
				CLANG_ANALYZER_NUMBER_OBJECT_CONVERSION = YES_AGGRESSIVE;
				CLANG_CXX_LANGUAGE_STANDARD = "gnu++14";
				CLANG_CXX_LIBRARY = "libc++";
				CLANG_ENABLE_MODULES = YES;
				CLANG_ENABLE_OBJC_ARC = YES;
				CLANG_ENABLE_OBJC_WEAK = YES;
				CLANG_WARN_BLOCK_CAPTURE_AUTORELEASING = YES;
				CLANG_WARN_BOOL_CONVERSION = YES;
				CLANG_WARN_COMMA = YES;
				CLANG_WARN_CONSTANT_CONVERSION = YES;
				CLANG_WARN_DEPRECATED_OBJC_IMPLEMENTATIONS = YES;
				CLANG_WARN_DIRECT_OBJC_ISA_USAGE = YES_ERROR;
				CLANG_WARN_DOCUMENTATION_COMMENTS = YES;
				CLANG_WARN_EMPTY_BODY = YES;
				CLANG_WARN_ENUM_CONVERSION = YES;
				CLANG_WARN_INFINITE_RECURSION = YES;
				CLANG_WARN_INT_CONVERSION = YES;
				CLANG_WARN_NON_LITERAL_NULL_CONVERSION = YES;
				CLANG_WARN_OBJC_IMPLICIT_RETAIN_SELF = YES;
				CLANG_WARN_OBJC_LITERAL_CONVERSION = YES;
				CLANG_WARN_OBJC_ROOT_CLASS = YES_ERROR;
				CLANG_WARN_RANGE_LOOP_ANALYSIS = YES;
				CLANG_WARN_STRICT_PROTOTYPES = YES;
				CLANG_WARN_SUSPICIOUS_MOVE = YES;
				CLANG_WARN_UNGUARDED_AVAILABILITY = YES_AGGRESSIVE;
				CLANG_WARN_UNREACHABLE_CODE = YES;
				CLANG_WARN__DUPLICATE_METHOD_MATCH = YES;
				CODE_SIGN_IDENTITY = "iPhone Developer";
				COPY_PHASE_STRIP = NO;
				DEBUG_INFORMATION_FORMAT = dwarf;
				ENABLE_STRICT_OBJC_MSGSEND = YES;
				ENABLE_TESTABILITY = YES;
				GCC_C_LANGUAGE_STANDARD = gnu11;
				GCC_DYNAMIC_NO_PIC = NO;
				GCC_NO_COMMON_BLOCKS = YES;
				GCC_OPTIMIZATION_LEVEL = 0;
				GCC_PREPROCESSOR_DEFINITIONS = (
					"DEBUG=1",
					"$(inherited)",
				);
				GCC_WARN_64_TO_32_BIT_CONVERSION = YES;
				GCC_WARN_ABOUT_RETURN_TYPE = YES_ERROR;
				GCC_WARN_UNDECLARED_SELECTOR = YES;
				GCC_WARN_UNINITIALIZED_AUTOS = YES_AGGRESSIVE;
				GCC_WARN_UNUSED_FUNCTION = YES;
				GCC_WARN_UNUSED_VARIABLE = YES;
				IPHONEOS_DEPLOYMENT_TARGET = 12.0;
				MTL_ENABLE_DEBUG_INFO = INCLUDE_SOURCE;
				MTL_FAST_MATH = YES;
				ONLY_ACTIVE_ARCH = YES;
				SDKROOT = iphoneos;
				SWIFT_ACTIVE_COMPILATION_CONDITIONS = DEBUG;
				SWIFT_OPTIMIZATION_LEVEL = "-Onone";
			};
			name = Debug;
		};
		FBEF2514216B4596002A3459 /* Release */ = {
			isa = XCBuildConfiguration;
			buildSettings = {
				ALWAYS_SEARCH_USER_PATHS = NO;
				CLANG_ANALYZER_NONNULL = YES;
				CLANG_ANALYZER_NUMBER_OBJECT_CONVERSION = YES_AGGRESSIVE;
				CLANG_CXX_LANGUAGE_STANDARD = "gnu++14";
				CLANG_CXX_LIBRARY = "libc++";
				CLANG_ENABLE_MODULES = YES;
				CLANG_ENABLE_OBJC_ARC = YES;
				CLANG_ENABLE_OBJC_WEAK = YES;
				CLANG_WARN_BLOCK_CAPTURE_AUTORELEASING = YES;
				CLANG_WARN_BOOL_CONVERSION = YES;
				CLANG_WARN_COMMA = YES;
				CLANG_WARN_CONSTANT_CONVERSION = YES;
				CLANG_WARN_DEPRECATED_OBJC_IMPLEMENTATIONS = YES;
				CLANG_WARN_DIRECT_OBJC_ISA_USAGE = YES_ERROR;
				CLANG_WARN_DOCUMENTATION_COMMENTS = YES;
				CLANG_WARN_EMPTY_BODY = YES;
				CLANG_WARN_ENUM_CONVERSION = YES;
				CLANG_WARN_INFINITE_RECURSION = YES;
				CLANG_WARN_INT_CONVERSION = YES;
				CLANG_WARN_NON_LITERAL_NULL_CONVERSION = YES;
				CLANG_WARN_OBJC_IMPLICIT_RETAIN_SELF = YES;
				CLANG_WARN_OBJC_LITERAL_CONVERSION = YES;
				CLANG_WARN_OBJC_ROOT_CLASS = YES_ERROR;
				CLANG_WARN_RANGE_LOOP_ANALYSIS = YES;
				CLANG_WARN_STRICT_PROTOTYPES = YES;
				CLANG_WARN_SUSPICIOUS_MOVE = YES;
				CLANG_WARN_UNGUARDED_AVAILABILITY = YES_AGGRESSIVE;
				CLANG_WARN_UNREACHABLE_CODE = YES;
				CLANG_WARN__DUPLICATE_METHOD_MATCH = YES;
				CODE_SIGN_IDENTITY = "iPhone Developer";
				COPY_PHASE_STRIP = NO;
				DEBUG_INFORMATION_FORMAT = "dwarf-with-dsym";
				ENABLE_NS_ASSERTIONS = NO;
				ENABLE_STRICT_OBJC_MSGSEND = YES;
				GCC_C_LANGUAGE_STANDARD = gnu11;
				GCC_NO_COMMON_BLOCKS = YES;
				GCC_WARN_64_TO_32_BIT_CONVERSION = YES;
				GCC_WARN_ABOUT_RETURN_TYPE = YES_ERROR;
				GCC_WARN_UNDECLARED_SELECTOR = YES;
				GCC_WARN_UNINITIALIZED_AUTOS = YES_AGGRESSIVE;
				GCC_WARN_UNUSED_FUNCTION = YES;
				GCC_WARN_UNUSED_VARIABLE = YES;
				IPHONEOS_DEPLOYMENT_TARGET = 12.0;
				MTL_ENABLE_DEBUG_INFO = NO;
				MTL_FAST_MATH = YES;
				SDKROOT = iphoneos;
				SWIFT_COMPILATION_MODE = wholemodule;
				SWIFT_OPTIMIZATION_LEVEL = "-O";
				VALIDATE_PRODUCT = YES;
			};
			name = Release;
		};
		FBEF2516216B4596002A3459 /* Debug */ = {
			isa = XCBuildConfiguration;
			buildSettings = {
				ASSETCATALOG_COMPILER_APPICON_NAME = AppIcon;
				CODE_SIGN_STYLE = Automatic;
				DEVELOPMENT_TEAM = A3576PDRXR;
				INFOPLIST_FILE = HelloWorld/Info.plist;
				LD_RUNPATH_SEARCH_PATHS = (
					"$(inherited)",
					"@executable_path/Frameworks",
				);
				PRODUCT_BUNDLE_IDENTIFIER = com.dooffe.HelloWorld;
				PRODUCT_NAME = "$(TARGET_NAME)";
				SWIFT_VERSION = 4.2;
				TARGETED_DEVICE_FAMILY = "1,2";
			};
			name = Debug;
		};
		FBEF2517216B4596002A3459 /* Release */ = {
			isa = XCBuildConfiguration;
			buildSettings = {
				ASSETCATALOG_COMPILER_APPICON_NAME = AppIcon;
				CODE_SIGN_STYLE = Automatic;
				DEVELOPMENT_TEAM = A3576PDRXR;
				INFOPLIST_FILE = HelloWorld/Info.plist;
				LD_RUNPATH_SEARCH_PATHS = (
					"$(inherited)",
					"@executable_path/Frameworks",
				);
				PRODUCT_BUNDLE_IDENTIFIER = com.dooffe.HelloWorld;
				PRODUCT_NAME = "$(TARGET_NAME)";
				SWIFT_VERSION = 4.2;
				TARGETED_DEVICE_FAMILY = "1,2";
			};
			name = Release;
		};
		FBEF2519216B4596002A3459 /* Debug */ = {
			isa = XCBuildConfiguration;
			buildSettings = {
				ALWAYS_EMBED_SWIFT_STANDARD_LIBRARIES = YES;
				BUNDLE_LOADER = "$(TEST_HOST)";
				CODE_SIGN_STYLE = Automatic;
				DEVELOPMENT_TEAM = A3576PDRXR;
				INFOPLIST_FILE = HelloWorldTests/Info.plist;
				LD_RUNPATH_SEARCH_PATHS = (
					"$(inherited)",
					"@executable_path/Frameworks",
					"@loader_path/Frameworks",
				);
				PRODUCT_BUNDLE_IDENTIFIER = com.dooffe.HelloWorldTests;
				PRODUCT_NAME = "$(TARGET_NAME)";
				SWIFT_VERSION = 4.2;
				TARGETED_DEVICE_FAMILY = "1,2";
				TEST_HOST = "$(BUILT_PRODUCTS_DIR)/HelloWorld.app/HelloWorld";
			};
			name = Debug;
		};
		FBEF251A216B4596002A3459 /* Release */ = {
			isa = XCBuildConfiguration;
			buildSettings = {
				ALWAYS_EMBED_SWIFT_STANDARD_LIBRARIES = YES;
				BUNDLE_LOADER = "$(TEST_HOST)";
				CODE_SIGN_STYLE = Automatic;
				DEVELOPMENT_TEAM = A3576PDRXR;
				INFOPLIST_FILE = HelloWorldTests/Info.plist;
				LD_RUNPATH_SEARCH_PATHS = (
					"$(inherited)",
					"@executable_path/Frameworks",
					"@loader_path/Frameworks",
				);
				PRODUCT_BUNDLE_IDENTIFIER = com.dooffe.HelloWorldTests;
				PRODUCT_NAME = "$(TARGET_NAME)";
				SWIFT_VERSION = 4.2;
				TARGETED_DEVICE_FAMILY = "1,2";
				TEST_HOST = "$(BUILT_PRODUCTS_DIR)/HelloWorld.app/HelloWorld";
			};
			name = Release;
		};
		FBEF251C216B4596002A3459 /* Debug */ = {
			isa = XCBuildConfiguration;
			buildSettings = {
				ALWAYS_EMBED_SWIFT_STANDARD_LIBRARIES = YES;
				CODE_SIGN_STYLE = Automatic;
				DEVELOPMENT_TEAM = A3576PDRXR;
				INFOPLIST_FILE = HelloWorldUITests/Info.plist;
				LD_RUNPATH_SEARCH_PATHS = (
					"$(inherited)",
					"@executable_path/Frameworks",
					"@loader_path/Frameworks",
				);
				PRODUCT_BUNDLE_IDENTIFIER = com.dooffe.HelloWorldUITests;
				PRODUCT_NAME = "$(TARGET_NAME)";
				SWIFT_VERSION = 4.2;
				TARGETED_DEVICE_FAMILY = "1,2";
				TEST_TARGET_NAME = HelloWorld;
			};
			name = Debug;
		};
		FBEF251D216B4596002A3459 /* Release */ = {
			isa = XCBuildConfiguration;
			buildSettings = {
				ALWAYS_EMBED_SWIFT_STANDARD_LIBRARIES = YES;
				CODE_SIGN_STYLE = Automatic;
				DEVELOPMENT_TEAM = A3576PDRXR;
				INFOPLIST_FILE = HelloWorldUITests/Info.plist;
				LD_RUNPATH_SEARCH_PATHS = (
					"$(inherited)",
					"@executable_path/Frameworks",
					"@loader_path/Frameworks",
				);
				PRODUCT_BUNDLE_IDENTIFIER = com.dooffe.HelloWorldUITests;
				PRODUCT_NAME = "$(TARGET_NAME)";
				SWIFT_VERSION = 4.2;
				TARGETED_DEVICE_FAMILY = "1,2";
				TEST_TARGET_NAME = HelloWorld;
			};
			name = Release;
		};
		FBEF253F216B47DF002A3459 /* Debug */ = {
			isa = XCBuildConfiguration;
			buildSettings = {
				ASSETCATALOG_COMPILER_COMPLICATION_NAME = Complication;
				CODE_SIGN_STYLE = Automatic;
				DEVELOPMENT_TEAM = A3576PDRXR;
				INFOPLIST_FILE = "HelloWrold Extension/Info.plist";
				LD_RUNPATH_SEARCH_PATHS = (
					"$(inherited)",
					"@executable_path/Frameworks",
					"@executable_path/../../Frameworks",
				);
				PRODUCT_BUNDLE_IDENTIFIER = com.dooffe.HelloWorld.watchkitapp.watchkitextension;
				PRODUCT_NAME = "${TARGET_NAME}";
				SDKROOT = watchos;
				SKIP_INSTALL = YES;
				SWIFT_VERSION = 4.2;
				TARGETED_DEVICE_FAMILY = 4;
				WATCHOS_DEPLOYMENT_TARGET = 5.0;
			};
			name = Debug;
		};
		FBEF2540216B47DF002A3459 /* Release */ = {
			isa = XCBuildConfiguration;
			buildSettings = {
				ASSETCATALOG_COMPILER_COMPLICATION_NAME = Complication;
				CODE_SIGN_STYLE = Automatic;
				DEVELOPMENT_TEAM = A3576PDRXR;
				INFOPLIST_FILE = "HelloWrold Extension/Info.plist";
				LD_RUNPATH_SEARCH_PATHS = (
					"$(inherited)",
					"@executable_path/Frameworks",
					"@executable_path/../../Frameworks",
				);
				PRODUCT_BUNDLE_IDENTIFIER = com.dooffe.HelloWorld.watchkitapp.watchkitextension;
				PRODUCT_NAME = "${TARGET_NAME}";
				SDKROOT = watchos;
				SKIP_INSTALL = YES;
				SWIFT_VERSION = 4.2;
				TARGETED_DEVICE_FAMILY = 4;
				WATCHOS_DEPLOYMENT_TARGET = 5.0;
			};
			name = Release;
		};
		FBEF2543216B47DF002A3459 /* Debug */ = {
			isa = XCBuildConfiguration;
			buildSettings = {
				ALWAYS_EMBED_SWIFT_STANDARD_LIBRARIES = YES;
				ASSETCATALOG_COMPILER_APPICON_NAME = AppIcon;
				CODE_SIGN_STYLE = Automatic;
				DEVELOPMENT_TEAM = A3576PDRXR;
				IBSC_MODULE = HelloWrold_Extension;
				INFOPLIST_FILE = HelloWrold/Info.plist;
				PRODUCT_BUNDLE_IDENTIFIER = com.dooffe.HelloWorld.watchkitapp;
				PRODUCT_NAME = "$(TARGET_NAME)";
				SDKROOT = watchos;
				SKIP_INSTALL = YES;
				SWIFT_VERSION = 4.2;
				TARGETED_DEVICE_FAMILY = 4;
				WATCHOS_DEPLOYMENT_TARGET = 5.0;
			};
			name = Debug;
		};
		FBEF2544216B47DF002A3459 /* Release */ = {
			isa = XCBuildConfiguration;
			buildSettings = {
				ALWAYS_EMBED_SWIFT_STANDARD_LIBRARIES = YES;
				ASSETCATALOG_COMPILER_APPICON_NAME = AppIcon;
				CODE_SIGN_STYLE = Automatic;
				DEVELOPMENT_TEAM = A3576PDRXR;
				IBSC_MODULE = HelloWrold_Extension;
				INFOPLIST_FILE = HelloWrold/Info.plist;
				PRODUCT_BUNDLE_IDENTIFIER = com.dooffe.HelloWorld.watchkitapp;
				PRODUCT_NAME = "$(TARGET_NAME)";
				SDKROOT = watchos;
				SKIP_INSTALL = YES;
				SWIFT_VERSION = 4.2;
				TARGETED_DEVICE_FAMILY = 4;
				WATCHOS_DEPLOYMENT_TARGET = 5.0;
			};
			name = Release;
		};
/* End XCBuildConfiguration section */

/* Begin XCConfigurationList section */
		FBEF24E8216B4594002A3459 /* Build configuration list for PBXProject "HelloWorld" */ = {
			isa = XCConfigurationList;
			buildConfigurations = (
				FBEF2513216B4596002A3459 /* Debug */,
				FBEF2514216B4596002A3459 /* Release */,
			);
			defaultConfigurationIsVisible = 0;
			defaultConfigurationName = Release;
		};
		FBEF2515216B4596002A3459 /* Build configuration list for PBXNativeTarget "HelloWorld" */ = {
			isa = XCConfigurationList;
			buildConfigurations = (
				FBEF2516216B4596002A3459 /* Debug */,
				FBEF2517216B4596002A3459 /* Release */,
			);
			defaultConfigurationIsVisible = 0;
			defaultConfigurationName = Release;
		};
		FBEF2518216B4596002A3459 /* Build configuration list for PBXNativeTarget "HelloWorldTests" */ = {
			isa = XCConfigurationList;
			buildConfigurations = (
				FBEF2519216B4596002A3459 /* Debug */,
				FBEF251A216B4596002A3459 /* Release */,
			);
			defaultConfigurationIsVisible = 0;
			defaultConfigurationName = Release;
		};
		FBEF251B216B4596002A3459 /* Build configuration list for PBXNativeTarget "HelloWorldUITests" */ = {
			isa = XCConfigurationList;
			buildConfigurations = (
				FBEF251C216B4596002A3459 /* Debug */,
				FBEF251D216B4596002A3459 /* Release */,
			);
			defaultConfigurationIsVisible = 0;
			defaultConfigurationName = Release;
		};
		FBEF253E216B47DF002A3459 /* Build configuration list for PBXNativeTarget "HelloWrold Extension" */ = {
			isa = XCConfigurationList;
			buildConfigurations = (
				FBEF253F216B47DF002A3459 /* Debug */,
				FBEF2540216B47DF002A3459 /* Release */,
			);
			defaultConfigurationIsVisible = 0;
			defaultConfigurationName = Release;
		};
		FBEF2542216B47DF002A3459 /* Build configuration list for PBXNativeTarget "HelloWrold" */ = {
			isa = XCConfigurationList;
			buildConfigurations = (
				FBEF2543216B47DF002A3459 /* Debug */,
				FBEF2544216B47DF002A3459 /* Release */,
			);
			defaultConfigurationIsVisible = 0;
			defaultConfigurationName = Release;
		};
/* End XCConfigurationList section */
	};
	rootObject = FBEF24E5216B4594002A3459 /* Project object */;
}
